// !$*UTF8*$!
{
	archiveVersion = 1;
	classes = {
	};
	objectVersion = 46;
	objects = {

/* Begin PBXBuildFile section */
		459DBCA8C65910F4F5990B34 /* Pods_CKMnemonic.framework in Frameworks */ = {isa = PBXBuildFile; fileRef = 0B202F46C144D4B21AD38CE4 /* Pods_CKMnemonic.framework */; };
		B8150194A9A777ADABE88195 /* Pods_CKMnemonicTests.framework in Frameworks */ = {isa = PBXBuildFile; fileRef = 01B3B1FB8DEFAA34967BAED0 /* Pods_CKMnemonicTests.framework */; };
		CC2F87D21F26DCB300117966 /* AppDelegate.swift in Sources */ = {isa = PBXBuildFile; fileRef = CC2F87D11F26DCB300117966 /* AppDelegate.swift */; };
		CC2F87D41F26DCB300117966 /* ViewController.swift in Sources */ = {isa = PBXBuildFile; fileRef = CC2F87D31F26DCB300117966 /* ViewController.swift */; };
		CC2F87D71F26DCB300117966 /* Main.storyboard in Resources */ = {isa = PBXBuildFile; fileRef = CC2F87D51F26DCB300117966 /* Main.storyboard */; };
		CC2F87D91F26DCB300117966 /* Assets.xcassets in Resources */ = {isa = PBXBuildFile; fileRef = CC2F87D81F26DCB300117966 /* Assets.xcassets */; };
		CC2F87DC1F26DCB300117966 /* LaunchScreen.storyboard in Resources */ = {isa = PBXBuildFile; fileRef = CC2F87DA1F26DCB300117966 /* LaunchScreen.storyboard */; };
		CC2F87E71F26DCB300117966 /* CKMnemonicTests.swift in Sources */ = {isa = PBXBuildFile; fileRef = CC2F87E61F26DCB300117966 /* CKMnemonicTests.swift */; };
		CC2F87F51F26DCE600117966 /* CKMnemonic.swift in Sources */ = {isa = PBXBuildFile; fileRef = CC2F87F21F26DCE600117966 /* CKMnemonic.swift */; };
		CC2F87F61F26DCE600117966 /* English.swift in Sources */ = {isa = PBXBuildFile; fileRef = CC2F87F41F26DCE600117966 /* English.swift */; };
		CC2F87F81F26ECDA00117966 /* Data+CKBitArray.swift in Sources */ = {isa = PBXBuildFile; fileRef = CC2F87F71F26ECDA00117966 /* Data+CKBitArray.swift */; };
		CC2F87FA1F2710C700117966 /* String+MnemonicData.swift in Sources */ = {isa = PBXBuildFile; fileRef = CC2F87F91F2710C700117966 /* String+MnemonicData.swift */; };
		CC2F87FC1F27111A00117966 /* vectors.json in Resources */ = {isa = PBXBuildFile; fileRef = CC2F87FB1F27111A00117966 /* vectors.json */; };
		CC2F87FD1F2712EF00117966 /* vectors.json in Resources */ = {isa = PBXBuildFile; fileRef = CC2F87FB1F27111A00117966 /* vectors.json */; };
		CC2F87FF1F28333D00117966 /* Chinese.swift in Sources */ = {isa = PBXBuildFile; fileRef = CC2F87FE1F28333D00117966 /* Chinese.swift */; };
/* End PBXBuildFile section */

/* Begin PBXContainerItemProxy section */
		CC2F87E31F26DCB300117966 /* PBXContainerItemProxy */ = {
			isa = PBXContainerItemProxy;
			containerPortal = CC2F87C61F26DCB300117966 /* Project object */;
			proxyType = 1;
			remoteGlobalIDString = CC2F87CD1F26DCB300117966;
			remoteInfo = CKMnemonic;
		};
/* End PBXContainerItemProxy section */

/* Begin PBXFileReference section */
		01B3B1FB8DEFAA34967BAED0 /* Pods_CKMnemonicTests.framework */ = {isa = PBXFileReference; explicitFileType = wrapper.framework; includeInIndex = 0; path = Pods_CKMnemonicTests.framework; sourceTree = BUILT_PRODUCTS_DIR; };
		07076CA241CEA65B90FC83C3 /* Pods-CKMnemonicTests.debug.xcconfig */ = {isa = PBXFileReference; includeInIndex = 1; lastKnownFileType = text.xcconfig; name = "Pods-CKMnemonicTests.debug.xcconfig"; path = "Pods/Target Support Files/Pods-CKMnemonicTests/Pods-CKMnemonicTests.debug.xcconfig"; sourceTree = "<group>"; };
		0B202F46C144D4B21AD38CE4 /* Pods_CKMnemonic.framework */ = {isa = PBXFileReference; explicitFileType = wrapper.framework; includeInIndex = 0; path = Pods_CKMnemonic.framework; sourceTree = BUILT_PRODUCTS_DIR; };
		575A6680567E71DEB81F6204 /* Pods-CKMnemonicTests.release.xcconfig */ = {isa = PBXFileReference; includeInIndex = 1; lastKnownFileType = text.xcconfig; name = "Pods-CKMnemonicTests.release.xcconfig"; path = "Pods/Target Support Files/Pods-CKMnemonicTests/Pods-CKMnemonicTests.release.xcconfig"; sourceTree = "<group>"; };
		5F1D5B3F4C50A26EB79B8277 /* Pods-CKMnemonic.release.xcconfig */ = {isa = PBXFileReference; includeInIndex = 1; lastKnownFileType = text.xcconfig; name = "Pods-CKMnemonic.release.xcconfig"; path = "Pods/Target Support Files/Pods-CKMnemonic/Pods-CKMnemonic.release.xcconfig"; sourceTree = "<group>"; };
		CC2F87CE1F26DCB300117966 /* CKMnemonic.app */ = {isa = PBXFileReference; explicitFileType = wrapper.application; includeInIndex = 0; path = CKMnemonic.app; sourceTree = BUILT_PRODUCTS_DIR; };
		CC2F87D11F26DCB300117966 /* AppDelegate.swift */ = {isa = PBXFileReference; lastKnownFileType = sourcecode.swift; path = AppDelegate.swift; sourceTree = "<group>"; };
		CC2F87D31F26DCB300117966 /* ViewController.swift */ = {isa = PBXFileReference; lastKnownFileType = sourcecode.swift; path = ViewController.swift; sourceTree = "<group>"; };
		CC2F87D61F26DCB300117966 /* Base */ = {isa = PBXFileReference; lastKnownFileType = file.storyboard; name = Base; path = Base.lproj/Main.storyboard; sourceTree = "<group>"; };
		CC2F87D81F26DCB300117966 /* Assets.xcassets */ = {isa = PBXFileReference; lastKnownFileType = folder.assetcatalog; path = Assets.xcassets; sourceTree = "<group>"; };
		CC2F87DB1F26DCB300117966 /* Base */ = {isa = PBXFileReference; lastKnownFileType = file.storyboard; name = Base; path = Base.lproj/LaunchScreen.storyboard; sourceTree = "<group>"; };
		CC2F87DD1F26DCB300117966 /* Info.plist */ = {isa = PBXFileReference; lastKnownFileType = text.plist.xml; path = Info.plist; sourceTree = "<group>"; };
		CC2F87E21F26DCB300117966 /* CKMnemonicTests.xctest */ = {isa = PBXFileReference; explicitFileType = wrapper.cfbundle; includeInIndex = 0; path = CKMnemonicTests.xctest; sourceTree = BUILT_PRODUCTS_DIR; };
		CC2F87E61F26DCB300117966 /* CKMnemonicTests.swift */ = {isa = PBXFileReference; lastKnownFileType = sourcecode.swift; path = CKMnemonicTests.swift; sourceTree = "<group>"; };
		CC2F87E81F26DCB300117966 /* Info.plist */ = {isa = PBXFileReference; lastKnownFileType = text.plist.xml; path = Info.plist; sourceTree = "<group>"; };
		CC2F87F21F26DCE600117966 /* CKMnemonic.swift */ = {isa = PBXFileReference; fileEncoding = 4; lastKnownFileType = sourcecode.swift; path = CKMnemonic.swift; sourceTree = "<group>"; };
		CC2F87F41F26DCE600117966 /* English.swift */ = {isa = PBXFileReference; fileEncoding = 4; lastKnownFileType = sourcecode.swift; path = English.swift; sourceTree = "<group>"; };
		CC2F87F71F26ECDA00117966 /* Data+CKBitArray.swift */ = {isa = PBXFileReference; fileEncoding = 4; lastKnownFileType = sourcecode.swift; path = "Data+CKBitArray.swift"; sourceTree = "<group>"; };
		CC2F87F91F2710C700117966 /* String+MnemonicData.swift */ = {isa = PBXFileReference; fileEncoding = 4; lastKnownFileType = sourcecode.swift; path = "String+MnemonicData.swift"; sourceTree = "<group>"; };
		CC2F87FB1F27111A00117966 /* vectors.json */ = {isa = PBXFileReference; fileEncoding = 4; lastKnownFileType = text.json; path = vectors.json; sourceTree = "<group>"; };
		CC2F87FE1F28333D00117966 /* Chinese.swift */ = {isa = PBXFileReference; fileEncoding = 4; lastKnownFileType = sourcecode.swift; path = Chinese.swift; sourceTree = "<group>"; };
		D4B98688A08AA24F605695C6 /* Pods-CKMnemonic.debug.xcconfig */ = {isa = PBXFileReference; includeInIndex = 1; lastKnownFileType = text.xcconfig; name = "Pods-CKMnemonic.debug.xcconfig"; path = "Pods/Target Support Files/Pods-CKMnemonic/Pods-CKMnemonic.debug.xcconfig"; sourceTree = "<group>"; };
/* End PBXFileReference section */

/* Begin PBXFrameworksBuildPhase section */
		CC2F87CB1F26DCB300117966 /* Frameworks */ = {
			isa = PBXFrameworksBuildPhase;
			buildActionMask = 2147483647;
			files = (
				459DBCA8C65910F4F5990B34 /* Pods_CKMnemonic.framework in Frameworks */,
			);
			runOnlyForDeploymentPostprocessing = 0;
		};
		CC2F87DF1F26DCB300117966 /* Frameworks */ = {
			isa = PBXFrameworksBuildPhase;
			buildActionMask = 2147483647;
			files = (
				B8150194A9A777ADABE88195 /* Pods_CKMnemonicTests.framework in Frameworks */,
			);
			runOnlyForDeploymentPostprocessing = 0;
		};
/* End PBXFrameworksBuildPhase section */

/* Begin PBXGroup section */
		70FEC1F3A22738A06E62F30A /* Pods */ = {
			isa = PBXGroup;
			children = (
				D4B98688A08AA24F605695C6 /* Pods-CKMnemonic.debug.xcconfig */,
				5F1D5B3F4C50A26EB79B8277 /* Pods-CKMnemonic.release.xcconfig */,
				07076CA241CEA65B90FC83C3 /* Pods-CKMnemonicTests.debug.xcconfig */,
				575A6680567E71DEB81F6204 /* Pods-CKMnemonicTests.release.xcconfig */,
			);
			name = Pods;
			sourceTree = "<group>";
		};
		CC2F87C51F26DCB300117966 = {
			isa = PBXGroup;
			children = (
				CC2F87D01F26DCB300117966 /* CKMnemonic */,
				CC2F87E51F26DCB300117966 /* CKMnemonicTests */,
				CC2F87CF1F26DCB300117966 /* Products */,
				70FEC1F3A22738A06E62F30A /* Pods */,
				ED0930270FD9DC2BC04F40E4 /* Frameworks */,
			);
			sourceTree = "<group>";
		};
		CC2F87CF1F26DCB300117966 /* Products */ = {
			isa = PBXGroup;
			children = (
				CC2F87CE1F26DCB300117966 /* CKMnemonic.app */,
				CC2F87E21F26DCB300117966 /* CKMnemonicTests.xctest */,
			);
			name = Products;
			sourceTree = "<group>";
		};
		CC2F87D01F26DCB300117966 /* CKMnemonic */ = {
			isa = PBXGroup;
			children = (
				CC2F87F11F26DCD100117966 /* CKMnemonic */,
				CC2F87D11F26DCB300117966 /* AppDelegate.swift */,
				CC2F87D31F26DCB300117966 /* ViewController.swift */,
				CC2F87D51F26DCB300117966 /* Main.storyboard */,
				CC2F87D81F26DCB300117966 /* Assets.xcassets */,
				CC2F87DA1F26DCB300117966 /* LaunchScreen.storyboard */,
				CC2F87DD1F26DCB300117966 /* Info.plist */,
			);
			path = CKMnemonic;
			sourceTree = "<group>";
		};
		CC2F87E51F26DCB300117966 /* CKMnemonicTests */ = {
			isa = PBXGroup;
			children = (
				CC2F87E61F26DCB300117966 /* CKMnemonicTests.swift */,
				CC2F87FB1F27111A00117966 /* vectors.json */,
				CC2F87E81F26DCB300117966 /* Info.plist */,
			);
			path = CKMnemonicTests;
			sourceTree = "<group>";
		};
		CC2F87F11F26DCD100117966 /* CKMnemonic */ = {
			isa = PBXGroup;
			children = (
				CC2F87F21F26DCE600117966 /* CKMnemonic.swift */,
				CC2F87F71F26ECDA00117966 /* Data+CKBitArray.swift */,
				CC2F87F91F2710C700117966 /* String+MnemonicData.swift */,
				CC2F87F31F26DCE600117966 /* Language */,
			);
			path = CKMnemonic;
			sourceTree = "<group>";
		};
		CC2F87F31F26DCE600117966 /* Language */ = {
			isa = PBXGroup;
			children = (
				CC2F87F41F26DCE600117966 /* English.swift */,
				CC2F87FE1F28333D00117966 /* Chinese.swift */,
			);
			path = Language;
			sourceTree = "<group>";
		};
		ED0930270FD9DC2BC04F40E4 /* Frameworks */ = {
			isa = PBXGroup;
			children = (
				0B202F46C144D4B21AD38CE4 /* Pods_CKMnemonic.framework */,
				01B3B1FB8DEFAA34967BAED0 /* Pods_CKMnemonicTests.framework */,
			);
			name = Frameworks;
			sourceTree = "<group>";
		};
/* End PBXGroup section */

/* Begin PBXNativeTarget section */
		CC2F87CD1F26DCB300117966 /* CKMnemonic */ = {
			isa = PBXNativeTarget;
			buildConfigurationList = CC2F87EB1F26DCB300117966 /* Build configuration list for PBXNativeTarget "CKMnemonic" */;
			buildPhases = (
				016D2C09AD62238A939E4D74 /* [CP] Check Pods Manifest.lock */,
				CC2F87CA1F26DCB300117966 /* Sources */,
				CC2F87CB1F26DCB300117966 /* Frameworks */,
				CC2F87CC1F26DCB300117966 /* Resources */,
				0E0EF589AF953504C6C63E7A /* [CP] Embed Pods Frameworks */,
				44472B05A4F18D1225A591F1 /* [CP] Copy Pods Resources */,
			);
			buildRules = (
			);
			dependencies = (
			);
			name = CKMnemonic;
			productName = CKMnemonic;
			productReference = CC2F87CE1F26DCB300117966 /* CKMnemonic.app */;
			productType = "com.apple.product-type.application";
		};
		CC2F87E11F26DCB300117966 /* CKMnemonicTests */ = {
			isa = PBXNativeTarget;
			buildConfigurationList = CC2F87EE1F26DCB300117966 /* Build configuration list for PBXNativeTarget "CKMnemonicTests" */;
			buildPhases = (
				C7593A349D24D04990D2431B /* [CP] Check Pods Manifest.lock */,
				CC2F87DE1F26DCB300117966 /* Sources */,
				CC2F87DF1F26DCB300117966 /* Frameworks */,
				CC2F87E01F26DCB300117966 /* Resources */,
				3C3496C2B86BDC962D941B99 /* [CP] Embed Pods Frameworks */,
				A963EF9D425E886DAFB9C276 /* [CP] Copy Pods Resources */,
			);
			buildRules = (
			);
			dependencies = (
				CC2F87E41F26DCB300117966 /* PBXTargetDependency */,
			);
			name = CKMnemonicTests;
			productName = CKMnemonicTests;
			productReference = CC2F87E21F26DCB300117966 /* CKMnemonicTests.xctest */;
			productType = "com.apple.product-type.bundle.unit-test";
		};
/* End PBXNativeTarget section */

/* Begin PBXProject section */
		CC2F87C61F26DCB300117966 /* Project object */ = {
			isa = PBXProject;
			attributes = {
				LastSwiftUpdateCheck = 0830;
				LastUpgradeCheck = 0830;
				ORGANIZATIONNAME = askcoin;
				TargetAttributes = {
					CC2F87CD1F26DCB300117966 = {
						CreatedOnToolsVersion = 8.3.2;
						DevelopmentTeam = U454HJU5J4;
						ProvisioningStyle = Automatic;
					};
					CC2F87E11F26DCB300117966 = {
						CreatedOnToolsVersion = 8.3.2;
						DevelopmentTeam = U454HJU5J4;
						ProvisioningStyle = Automatic;
						TestTargetID = CC2F87CD1F26DCB300117966;
					};
				};
			};
			buildConfigurationList = CC2F87C91F26DCB300117966 /* Build configuration list for PBXProject "CKMnemonic" */;
			compatibilityVersion = "Xcode 3.2";
			developmentRegion = English;
			hasScannedForEncodings = 0;
			knownRegions = (
				en,
				Base,
			);
			mainGroup = CC2F87C51F26DCB300117966;
			productRefGroup = CC2F87CF1F26DCB300117966 /* Products */;
			projectDirPath = "";
			projectRoot = "";
			targets = (
				CC2F87CD1F26DCB300117966 /* CKMnemonic */,
				CC2F87E11F26DCB300117966 /* CKMnemonicTests */,
			);
		};
/* End PBXProject section */

/* Begin PBXResourcesBuildPhase section */
		CC2F87CC1F26DCB300117966 /* Resources */ = {
			isa = PBXResourcesBuildPhase;
			buildActionMask = 2147483647;
			files = (
				CC2F87DC1F26DCB300117966 /* LaunchScreen.storyboard in Resources */,
				CC2F87D91F26DCB300117966 /* Assets.xcassets in Resources */,
				CC2F87FD1F2712EF00117966 /* vectors.json in Resources */,
				CC2F87D71F26DCB300117966 /* Main.storyboard in Resources */,
			);
			runOnlyForDeploymentPostprocessing = 0;
		};
		CC2F87E01F26DCB300117966 /* Resources */ = {
			isa = PBXResourcesBuildPhase;
			buildActionMask = 2147483647;
			files = (
				CC2F87FC1F27111A00117966 /* vectors.json in Resources */,
			);
			runOnlyForDeploymentPostprocessing = 0;
		};
/* End PBXResourcesBuildPhase section */

/* Begin PBXShellScriptBuildPhase section */
		016D2C09AD62238A939E4D74 /* [CP] Check Pods Manifest.lock */ = {
			isa = PBXShellScriptBuildPhase;
			buildActionMask = 2147483647;
			files = (
			);
			inputPaths = (
				"${PODS_PODFILE_DIR_PATH}/Podfile.lock",
				"${PODS_ROOT}/Manifest.lock",
			);
			name = "[CP] Check Pods Manifest.lock";
			outputPaths = (
				"$(DERIVED_FILE_DIR)/Pods-CKMnemonic-checkManifestLockResult.txt",
			);
			runOnlyForDeploymentPostprocessing = 0;
			shellPath = /bin/sh;
			shellScript = "diff \"${PODS_PODFILE_DIR_PATH}/Podfile.lock\" \"${PODS_ROOT}/Manifest.lock\" > /dev/null\nif [ $? != 0 ] ; then\n    # print error to STDERR\n    echo \"error: The sandbox is not in sync with the Podfile.lock. Run 'pod install' or update your CocoaPods installation.\" >&2\n    exit 1\nfi\n# This output is used by Xcode 'outputs' to avoid re-running this script phase.\necho \"SUCCESS\" > \"${SCRIPT_OUTPUT_FILE_0}\"\n";
			showEnvVarsInLog = 0;
		};
		0E0EF589AF953504C6C63E7A /* [CP] Embed Pods Frameworks */ = {
			isa = PBXShellScriptBuildPhase;
			buildActionMask = 2147483647;
			files = (
			);
			inputPaths = (
				"${SRCROOT}/Pods/Target Support Files/Pods-CKMnemonic/Pods-CKMnemonic-frameworks.sh",
				"${BUILT_PRODUCTS_DIR}/CryptoSwift/CryptoSwift.framework",
			);
			name = "[CP] Embed Pods Frameworks";
			outputPaths = (
				"${TARGET_BUILD_DIR}/${FRAMEWORKS_FOLDER_PATH}/CryptoSwift.framework",
			);
			runOnlyForDeploymentPostprocessing = 0;
			shellPath = /bin/sh;
			shellScript = "\"${SRCROOT}/Pods/Target Support Files/Pods-CKMnemonic/Pods-CKMnemonic-frameworks.sh\"\n";
			showEnvVarsInLog = 0;
		};
		3C3496C2B86BDC962D941B99 /* [CP] Embed Pods Frameworks */ = {
			isa = PBXShellScriptBuildPhase;
			buildActionMask = 2147483647;
			files = (
			);
			inputPaths = (
			);
			name = "[CP] Embed Pods Frameworks";
			outputPaths = (
			);
			runOnlyForDeploymentPostprocessing = 0;
			shellPath = /bin/sh;
			shellScript = "\"${SRCROOT}/Pods/Target Support Files/Pods-CKMnemonicTests/Pods-CKMnemonicTests-frameworks.sh\"\n";
			showEnvVarsInLog = 0;
		};
		44472B05A4F18D1225A591F1 /* [CP] Copy Pods Resources */ = {
			isa = PBXShellScriptBuildPhase;
			buildActionMask = 2147483647;
			files = (
			);
			inputPaths = (
			);
			name = "[CP] Copy Pods Resources";
			outputPaths = (
			);
			runOnlyForDeploymentPostprocessing = 0;
			shellPath = /bin/sh;
			shellScript = "\"${SRCROOT}/Pods/Target Support Files/Pods-CKMnemonic/Pods-CKMnemonic-resources.sh\"\n";
			showEnvVarsInLog = 0;
		};
		A963EF9D425E886DAFB9C276 /* [CP] Copy Pods Resources */ = {
			isa = PBXShellScriptBuildPhase;
			buildActionMask = 2147483647;
			files = (
			);
			inputPaths = (
			);
			name = "[CP] Copy Pods Resources";
			outputPaths = (
			);
			runOnlyForDeploymentPostprocessing = 0;
			shellPath = /bin/sh;
			shellScript = "\"${SRCROOT}/Pods/Target Support Files/Pods-CKMnemonicTests/Pods-CKMnemonicTests-resources.sh\"\n";
			showEnvVarsInLog = 0;
		};
		C7593A349D24D04990D2431B /* [CP] Check Pods Manifest.lock */ = {
			isa = PBXShellScriptBuildPhase;
			buildActionMask = 2147483647;
			files = (
			);
			inputPaths = (
				"${PODS_PODFILE_DIR_PATH}/Podfile.lock",
				"${PODS_ROOT}/Manifest.lock",
			);
			name = "[CP] Check Pods Manifest.lock";
			outputPaths = (
				"$(DERIVED_FILE_DIR)/Pods-CKMnemonicTests-checkManifestLockResult.txt",
			);
			runOnlyForDeploymentPostprocessing = 0;
			shellPath = /bin/sh;
			shellScript = "diff \"${PODS_PODFILE_DIR_PATH}/Podfile.lock\" \"${PODS_ROOT}/Manifest.lock\" > /dev/null\nif [ $? != 0 ] ; then\n    # print error to STDERR\n    echo \"error: The sandbox is not in sync with the Podfile.lock. Run 'pod install' or update your CocoaPods installation.\" >&2\n    exit 1\nfi\n# This output is used by Xcode 'outputs' to avoid re-running this script phase.\necho \"SUCCESS\" > \"${SCRIPT_OUTPUT_FILE_0}\"\n";
			showEnvVarsInLog = 0;
		};
/* End PBXShellScriptBuildPhase section */

/* Begin PBXSourcesBuildPhase section */
		CC2F87CA1F26DCB300117966 /* Sources */ = {
			isa = PBXSourcesBuildPhase;
			buildActionMask = 2147483647;
			files = (
				CC2F87F81F26ECDA00117966 /* Data+CKBitArray.swift in Sources */,
				CC2F87FF1F28333D00117966 /* Chinese.swift in Sources */,
				CC2F87F51F26DCE600117966 /* CKMnemonic.swift in Sources */,
				CC2F87FA1F2710C700117966 /* String+MnemonicData.swift in Sources */,
				CC2F87D41F26DCB300117966 /* ViewController.swift in Sources */,
				CC2F87F61F26DCE600117966 /* English.swift in Sources */,
				CC2F87D21F26DCB300117966 /* AppDelegate.swift in Sources */,
			);
			runOnlyForDeploymentPostprocessing = 0;
		};
		CC2F87DE1F26DCB300117966 /* Sources */ = {
			isa = PBXSourcesBuildPhase;
			buildActionMask = 2147483647;
			files = (
				CC2F87E71F26DCB300117966 /* CKMnemonicTests.swift in Sources */,
			);
			runOnlyForDeploymentPostprocessing = 0;
		};
/* End PBXSourcesBuildPhase section */

/* Begin PBXTargetDependency section */
		CC2F87E41F26DCB300117966 /* PBXTargetDependency */ = {
			isa = PBXTargetDependency;
			target = CC2F87CD1F26DCB300117966 /* CKMnemonic */;
			targetProxy = CC2F87E31F26DCB300117966 /* PBXContainerItemProxy */;
		};
/* End PBXTargetDependency section */

/* Begin PBXVariantGroup section */
		CC2F87D51F26DCB300117966 /* Main.storyboard */ = {
			isa = PBXVariantGroup;
			children = (
				CC2F87D61F26DCB300117966 /* Base */,
			);
			name = Main.storyboard;
			sourceTree = "<group>";
		};
		CC2F87DA1F26DCB300117966 /* LaunchScreen.storyboard */ = {
			isa = PBXVariantGroup;
			children = (
				CC2F87DB1F26DCB300117966 /* Base */,
			);
			name = LaunchScreen.storyboard;
			sourceTree = "<group>";
		};
/* End PBXVariantGroup section */

/* Begin XCBuildConfiguration section */
		CC2F87E91F26DCB300117966 /* Debug */ = {
			isa = XCBuildConfiguration;
			buildSettings = {
				ALWAYS_SEARCH_USER_PATHS = NO;
				CLANG_ANALYZER_NONNULL = YES;
				CLANG_ANALYZER_NUMBER_OBJECT_CONVERSION = YES_AGGRESSIVE;
				CLANG_CXX_LANGUAGE_STANDARD = "gnu++0x";
				CLANG_CXX_LIBRARY = "libc++";
				CLANG_ENABLE_MODULES = YES;
				CLANG_ENABLE_OBJC_ARC = YES;
				CLANG_WARN_BOOL_CONVERSION = YES;
				CLANG_WARN_CONSTANT_CONVERSION = YES;
				CLANG_WARN_DIRECT_OBJC_ISA_USAGE = YES_ERROR;
				CLANG_WARN_DOCUMENTATION_COMMENTS = YES;
				CLANG_WARN_EMPTY_BODY = YES;
				CLANG_WARN_ENUM_CONVERSION = YES;
				CLANG_WARN_INFINITE_RECURSION = YES;
				CLANG_WARN_INT_CONVERSION = YES;
				CLANG_WARN_OBJC_ROOT_CLASS = YES_ERROR;
				CLANG_WARN_SUSPICIOUS_MOVE = YES;
				CLANG_WARN_UNREACHABLE_CODE = YES;
				CLANG_WARN__DUPLICATE_METHOD_MATCH = YES;
				"CODE_SIGN_IDENTITY[sdk=iphoneos*]" = "iPhone Developer";
				COPY_PHASE_STRIP = NO;
				DEBUG_INFORMATION_FORMAT = dwarf;
				ENABLE_STRICT_OBJC_MSGSEND = YES;
				ENABLE_TESTABILITY = YES;
				GCC_C_LANGUAGE_STANDARD = gnu99;
				GCC_DYNAMIC_NO_PIC = NO;
				GCC_NO_COMMON_BLOCKS = YES;
				GCC_OPTIMIZATION_LEVEL = 0;
				GCC_PREPROCESSOR_DEFINITIONS = (
					"DEBUG=1",
					"$(inherited)",
				);
				GCC_WARN_64_TO_32_BIT_CONVERSION = YES;
				GCC_WARN_ABOUT_RETURN_TYPE = YES_ERROR;
				GCC_WARN_UNDECLARED_SELECTOR = YES;
				GCC_WARN_UNINITIALIZED_AUTOS = YES_AGGRESSIVE;
				GCC_WARN_UNUSED_FUNCTION = YES;
				GCC_WARN_UNUSED_VARIABLE = YES;
				IPHONEOS_DEPLOYMENT_TARGET = 10.3;
				MTL_ENABLE_DEBUG_INFO = YES;
				ONLY_ACTIVE_ARCH = YES;
				SDKROOT = iphoneos;
				SWIFT_ACTIVE_COMPILATION_CONDITIONS = DEBUG;
				SWIFT_OPTIMIZATION_LEVEL = "-Onone";
				TARGETED_DEVICE_FAMILY = "1,2";
			};
			name = Debug;
		};
		CC2F87EA1F26DCB300117966 /* Release */ = {
			isa = XCBuildConfiguration;
			buildSettings = {
				ALWAYS_SEARCH_USER_PATHS = NO;
				CLANG_ANALYZER_NONNULL = YES;
				CLANG_ANALYZER_NUMBER_OBJECT_CONVERSION = YES_AGGRESSIVE;
				CLANG_CXX_LANGUAGE_STANDARD = "gnu++0x";
				CLANG_CXX_LIBRARY = "libc++";
				CLANG_ENABLE_MODULES = YES;
				CLANG_ENABLE_OBJC_ARC = YES;
				CLANG_WARN_BOOL_CONVERSION = YES;
				CLANG_WARN_CONSTANT_CONVERSION = YES;
				CLANG_WARN_DIRECT_OBJC_ISA_USAGE = YES_ERROR;
				CLANG_WARN_DOCUMENTATION_COMMENTS = YES;
				CLANG_WARN_EMPTY_BODY = YES;
				CLANG_WARN_ENUM_CONVERSION = YES;
				CLANG_WARN_INFINITE_RECURSION = YES;
				CLANG_WARN_INT_CONVERSION = YES;
				CLANG_WARN_OBJC_ROOT_CLASS = YES_ERROR;
				CLANG_WARN_SUSPICIOUS_MOVE = YES;
				CLANG_WARN_UNREACHABLE_CODE = YES;
				CLANG_WARN__DUPLICATE_METHOD_MATCH = YES;
				"CODE_SIGN_IDENTITY[sdk=iphoneos*]" = "iPhone Developer";
				COPY_PHASE_STRIP = NO;
				DEBUG_INFORMATION_FORMAT = "dwarf-with-dsym";
				ENABLE_NS_ASSERTIONS = NO;
				ENABLE_STRICT_OBJC_MSGSEND = YES;
				GCC_C_LANGUAGE_STANDARD = gnu99;
				GCC_NO_COMMON_BLOCKS = YES;
				GCC_WARN_64_TO_32_BIT_CONVERSION = YES;
				GCC_WARN_ABOUT_RETURN_TYPE = YES_ERROR;
				GCC_WARN_UNDECLARED_SELECTOR = YES;
				GCC_WARN_UNINITIALIZED_AUTOS = YES_AGGRESSIVE;
				GCC_WARN_UNUSED_FUNCTION = YES;
				GCC_WARN_UNUSED_VARIABLE = YES;
				IPHONEOS_DEPLOYMENT_TARGET = 10.3;
				MTL_ENABLE_DEBUG_INFO = NO;
				SDKROOT = iphoneos;
				SWIFT_OPTIMIZATION_LEVEL = "-Owholemodule";
				TARGETED_DEVICE_FAMILY = "1,2";
				VALIDATE_PRODUCT = YES;
			};
			name = Release;
		};
		CC2F87EC1F26DCB300117966 /* Debug */ = {
			isa = XCBuildConfiguration;
			baseConfigurationReference = D4B98688A08AA24F605695C6 /* Pods-CKMnemonic.debug.xcconfig */;
			buildSettings = {
				ASSETCATALOG_COMPILER_APPICON_NAME = AppIcon;
				DEVELOPMENT_TEAM = U454HJU5J4;
				INFOPLIST_FILE = CKMnemonic/Info.plist;
				LD_RUNPATH_SEARCH_PATHS = "$(inherited) @executable_path/Frameworks";
				PRODUCT_BUNDLE_IDENTIFIER = org.askcoin.CKMnemonic;
				PRODUCT_NAME = "$(TARGET_NAME)";
				SWIFT_VERSION = 3.0;
			};
			name = Debug;
		};
		CC2F87ED1F26DCB300117966 /* Release */ = {
			isa = XCBuildConfiguration;
			baseConfigurationReference = 5F1D5B3F4C50A26EB79B8277 /* Pods-CKMnemonic.release.xcconfig */;
			buildSettings = {
				ASSETCATALOG_COMPILER_APPICON_NAME = AppIcon;
				DEVELOPMENT_TEAM = U454HJU5J4;
				INFOPLIST_FILE = CKMnemonic/Info.plist;
				LD_RUNPATH_SEARCH_PATHS = "$(inherited) @executable_path/Frameworks";
				PRODUCT_BUNDLE_IDENTIFIER = org.askcoin.CKMnemonic;
				PRODUCT_NAME = "$(TARGET_NAME)";
				SWIFT_VERSION = 3.0;
			};
			name = Release;
		};
		CC2F87EF1F26DCB300117966 /* Debug */ = {
			isa = XCBuildConfiguration;
			baseConfigurationReference = 07076CA241CEA65B90FC83C3 /* Pods-CKMnemonicTests.debug.xcconfig */;
			buildSettings = {
				ALWAYS_EMBED_SWIFT_STANDARD_LIBRARIES = YES;
				BUNDLE_LOADER = "$(TEST_HOST)";
				DEVELOPMENT_TEAM = U454HJU5J4;
				INFOPLIST_FILE = CKMnemonicTests/Info.plist;
				LD_RUNPATH_SEARCH_PATHS = "$(inherited) @executable_path/Frameworks @loader_path/Frameworks";
				PRODUCT_BUNDLE_IDENTIFIER = org.askcoin.CKMnemonicTests;
				PRODUCT_NAME = "$(TARGET_NAME)";
				SWIFT_VERSION = 3.0;
				TEST_HOST = "$(BUILT_PRODUCTS_DIR)/CKMnemonic.app/CKMnemonic";
			};
			name = Debug;
		};
		CC2F87F01F26DCB300117966 /* Release */ = {
			isa = XCBuildConfiguration;
			baseConfigurationReference = 575A6680567E71DEB81F6204 /* Pods-CKMnemonicTests.release.xcconfig */;
			buildSettings = {
				ALWAYS_EMBED_SWIFT_STANDARD_LIBRARIES = YES;
				BUNDLE_LOADER = "$(TEST_HOST)";
				DEVELOPMENT_TEAM = U454HJU5J4;
				INFOPLIST_FILE = CKMnemonicTests/Info.plist;
				LD_RUNPATH_SEARCH_PATHS = "$(inherited) @executable_path/Frameworks @loader_path/Frameworks";
				PRODUCT_BUNDLE_IDENTIFIER = org.askcoin.CKMnemonicTests;
				PRODUCT_NAME = "$(TARGET_NAME)";
				SWIFT_VERSION = 3.0;
				TEST_HOST = "$(BUILT_PRODUCTS_DIR)/CKMnemonic.app/CKMnemonic";
			};
			name = Release;
		};
/* End XCBuildConfiguration section */

/* Begin XCConfigurationList section */
		CC2F87C91F26DCB300117966 /* Build configuration list for PBXProject "CKMnemonic" */ = {
			isa = XCConfigurationList;
			buildConfigurations = (
				CC2F87E91F26DCB300117966 /* Debug */,
				CC2F87EA1F26DCB300117966 /* Release */,
			);
			defaultConfigurationIsVisible = 0;
			defaultConfigurationName = Release;
		};
		CC2F87EB1F26DCB300117966 /* Build configuration list for PBXNativeTarget "CKMnemonic" */ = {
			isa = XCConfigurationList;
			buildConfigurations = (
				CC2F87EC1F26DCB300117966 /* Debug */,
				CC2F87ED1F26DCB300117966 /* Release */,
			);
			defaultConfigurationIsVisible = 0;
			defaultConfigurationName = Release;
		};
		CC2F87EE1F26DCB300117966 /* Build configuration list for PBXNativeTarget "CKMnemonicTests" */ = {
			isa = XCConfigurationList;
			buildConfigurations = (
				CC2F87EF1F26DCB300117966 /* Debug */,
				CC2F87F01F26DCB300117966 /* Release */,
			);
			defaultConfigurationIsVisible = 0;
			defaultConfigurationName = Release;
		};
/* End XCConfigurationList section */
	};
	rootObject = CC2F87C61F26DCB300117966 /* Project object */;
}
