// !$*UTF8*$!
{
	archiveVersion = 1;
	classes = {
	};
	objectVersion = 50;
	objects = {

/* Begin PBXBuildFile section */
		778602AF2186370E0036843F /* AppDelegate.swift in Sources */ = {isa = PBXBuildFile; fileRef = 778602AE2186370E0036843F /* AppDelegate.swift */; };
		778602B12186370E0036843F /* ViewController.swift in Sources */ = {isa = PBXBuildFile; fileRef = 778602B02186370E0036843F /* ViewController.swift */; };
		778602B42186370E0036843F /* Main.storyboard in Resources */ = {isa = PBXBuildFile; fileRef = 778602B22186370E0036843F /* Main.storyboard */; };
		778602B62186370F0036843F /* Assets.xcassets in Resources */ = {isa = PBXBuildFile; fileRef = 778602B52186370F0036843F /* Assets.xcassets */; };
		778602B92186370F0036843F /* LaunchScreen.storyboard in Resources */ = {isa = PBXBuildFile; fileRef = 778602B72186370F0036843F /* LaunchScreen.storyboard */; };
		778602C6218638FB0036843F /* String+MnemonicData.swift in Sources */ = {isa = PBXBuildFile; fileRef = 778602C2218638FB0036843F /* String+MnemonicData.swift */; };
		778602C7218638FB0036843F /* Mnemonic.swift in Sources */ = {isa = PBXBuildFile; fileRef = 778602C3218638FB0036843F /* Mnemonic.swift */; };
		778602C8218638FB0036843F /* Data+BitArray.swift in Sources */ = {isa = PBXBuildFile; fileRef = 778602C4218638FB0036843F /* Data+BitArray.swift */; };
		778602CE21863B520036843F /* English.swift in Sources */ = {isa = PBXBuildFile; fileRef = 778602CC21863B520036843F /* English.swift */; };
		778602CF21863B520036843F /* Chinese.swift in Sources */ = {isa = PBXBuildFile; fileRef = 778602CD21863B520036843F /* Chinese.swift */; };
		778602D721863BDD0036843F /* MnemonicKitTests.swift in Sources */ = {isa = PBXBuildFile; fileRef = 778602D621863BDD0036843F /* MnemonicKitTests.swift */; };
		778602DF2186426A0036843F /* vectors.json in Resources */ = {isa = PBXBuildFile; fileRef = 778602DE2186426A0036843F /* vectors.json */; settings = {ASSET_TAGS = (TestInput, ); }; };
		7D65076D170104DCC0F06371 /* Pods_MnemonicKit.framework in Frameworks */ = {isa = PBXBuildFile; fileRef = 77AE17E45FDC465A9CED34D0 /* Pods_MnemonicKit.framework */; };
		DF2A5229DD32EBE04F377531 /* Pods_MnemonicKitTests.framework in Frameworks */ = {isa = PBXBuildFile; fileRef = E685D062235716F230D243C3 /* Pods_MnemonicKitTests.framework */; };
/* End PBXBuildFile section */

/* Begin PBXContainerItemProxy section */
		778602D921863BDD0036843F /* PBXContainerItemProxy */ = {
			isa = PBXContainerItemProxy;
			containerPortal = 778602A32186370E0036843F /* Project object */;
			proxyType = 1;
			remoteGlobalIDString = 778602AA2186370E0036843F;
			remoteInfo = MnemonicKit;
		};
/* End PBXContainerItemProxy section */

/* Begin PBXFileReference section */
		03282044CA56B90979A64A9D /* Pods-MnemonicKit.debug.xcconfig */ = {isa = PBXFileReference; includeInIndex = 1; lastKnownFileType = text.xcconfig; name = "Pods-MnemonicKit.debug.xcconfig"; path = "Pods/Target Support Files/Pods-MnemonicKit/Pods-MnemonicKit.debug.xcconfig"; sourceTree = "<group>"; };
		778602AB2186370E0036843F /* MnemonicKit.app */ = {isa = PBXFileReference; explicitFileType = wrapper.application; includeInIndex = 0; path = MnemonicKit.app; sourceTree = BUILT_PRODUCTS_DIR; };
		778602AE2186370E0036843F /* AppDelegate.swift */ = {isa = PBXFileReference; lastKnownFileType = sourcecode.swift; path = AppDelegate.swift; sourceTree = "<group>"; };
		778602B02186370E0036843F /* ViewController.swift */ = {isa = PBXFileReference; lastKnownFileType = sourcecode.swift; path = ViewController.swift; sourceTree = "<group>"; };
		778602B32186370E0036843F /* Base */ = {isa = PBXFileReference; lastKnownFileType = file.storyboard; name = Base; path = Base.lproj/Main.storyboard; sourceTree = "<group>"; };
		778602B52186370F0036843F /* Assets.xcassets */ = {isa = PBXFileReference; lastKnownFileType = folder.assetcatalog; path = Assets.xcassets; sourceTree = "<group>"; };
		778602B82186370F0036843F /* Base */ = {isa = PBXFileReference; lastKnownFileType = file.storyboard; name = Base; path = Base.lproj/LaunchScreen.storyboard; sourceTree = "<group>"; };
		778602BA2186370F0036843F /* Info.plist */ = {isa = PBXFileReference; lastKnownFileType = text.plist.xml; path = Info.plist; sourceTree = "<group>"; };
		778602C2218638FB0036843F /* String+MnemonicData.swift */ = {isa = PBXFileReference; fileEncoding = 4; lastKnownFileType = sourcecode.swift; path = "String+MnemonicData.swift"; sourceTree = "<group>"; };
		778602C3218638FB0036843F /* Mnemonic.swift */ = {isa = PBXFileReference; fileEncoding = 4; lastKnownFileType = sourcecode.swift; path = Mnemonic.swift; sourceTree = "<group>"; };
		778602C4218638FB0036843F /* Data+BitArray.swift */ = {isa = PBXFileReference; fileEncoding = 4; lastKnownFileType = sourcecode.swift; path = "Data+BitArray.swift"; sourceTree = "<group>"; };
		778602CC21863B520036843F /* English.swift */ = {isa = PBXFileReference; fileEncoding = 4; lastKnownFileType = sourcecode.swift; path = English.swift; sourceTree = "<group>"; };
		778602CD21863B520036843F /* Chinese.swift */ = {isa = PBXFileReference; fileEncoding = 4; lastKnownFileType = sourcecode.swift; path = Chinese.swift; sourceTree = "<group>"; };
		778602D421863BDD0036843F /* MnemonicKitTests.xctest */ = {isa = PBXFileReference; explicitFileType = wrapper.cfbundle; includeInIndex = 0; path = MnemonicKitTests.xctest; sourceTree = BUILT_PRODUCTS_DIR; };
		778602D621863BDD0036843F /* MnemonicKitTests.swift */ = {isa = PBXFileReference; lastKnownFileType = sourcecode.swift; path = MnemonicKitTests.swift; sourceTree = "<group>"; };
		778602D821863BDD0036843F /* Info.plist */ = {isa = PBXFileReference; lastKnownFileType = text.plist.xml; path = Info.plist; sourceTree = "<group>"; };
		778602DE2186426A0036843F /* vectors.json */ = {isa = PBXFileReference; fileEncoding = 4; lastKnownFileType = text.json; path = vectors.json; sourceTree = "<group>"; };
		77AE17E45FDC465A9CED34D0 /* Pods_MnemonicKit.framework */ = {isa = PBXFileReference; explicitFileType = wrapper.framework; includeInIndex = 0; path = Pods_MnemonicKit.framework; sourceTree = BUILT_PRODUCTS_DIR; };
		AB52E52A2A043D3F37FDC410 /* Pods-MnemonicKit.release.xcconfig */ = {isa = PBXFileReference; includeInIndex = 1; lastKnownFileType = text.xcconfig; name = "Pods-MnemonicKit.release.xcconfig"; path = "Pods/Target Support Files/Pods-MnemonicKit/Pods-MnemonicKit.release.xcconfig"; sourceTree = "<group>"; };
		B22F0D96C2014429DA6247E3 /* Pods-MnemonicKitTests.debug.xcconfig */ = {isa = PBXFileReference; includeInIndex = 1; lastKnownFileType = text.xcconfig; name = "Pods-MnemonicKitTests.debug.xcconfig"; path = "Pods/Target Support Files/Pods-MnemonicKitTests/Pods-MnemonicKitTests.debug.xcconfig"; sourceTree = "<group>"; };
		DCDDA4A5652CB1771A37B4B5 /* Pods-MnemonicKitTests.release.xcconfig */ = {isa = PBXFileReference; includeInIndex = 1; lastKnownFileType = text.xcconfig; name = "Pods-MnemonicKitTests.release.xcconfig"; path = "Pods/Target Support Files/Pods-MnemonicKitTests/Pods-MnemonicKitTests.release.xcconfig"; sourceTree = "<group>"; };
		E685D062235716F230D243C3 /* Pods_MnemonicKitTests.framework */ = {isa = PBXFileReference; explicitFileType = wrapper.framework; includeInIndex = 0; path = Pods_MnemonicKitTests.framework; sourceTree = BUILT_PRODUCTS_DIR; };
/* End PBXFileReference section */

/* Begin PBXFrameworksBuildPhase section */
		778602A82186370E0036843F /* Frameworks */ = {
			isa = PBXFrameworksBuildPhase;
			buildActionMask = 2147483647;
			files = (
				7D65076D170104DCC0F06371 /* Pods_MnemonicKit.framework in Frameworks */,
			);
			runOnlyForDeploymentPostprocessing = 0;
		};
		778602D121863BDD0036843F /* Frameworks */ = {
			isa = PBXFrameworksBuildPhase;
			buildActionMask = 2147483647;
			files = (
				DF2A5229DD32EBE04F377531 /* Pods_MnemonicKitTests.framework in Frameworks */,
			);
			runOnlyForDeploymentPostprocessing = 0;
		};
/* End PBXFrameworksBuildPhase section */

/* Begin PBXGroup section */
		487474B4EF0B93DF80EF5CE8 /* Frameworks */ = {
			isa = PBXGroup;
			children = (
				77AE17E45FDC465A9CED34D0 /* Pods_MnemonicKit.framework */,
				E685D062235716F230D243C3 /* Pods_MnemonicKitTests.framework */,
			);
			name = Frameworks;
			sourceTree = "<group>";
		};
		778602A22186370E0036843F = {
			isa = PBXGroup;
			children = (
				778602AD2186370E0036843F /* Sources */,
				778602D521863BDD0036843F /* MnemonicKitTests */,
				778602AC2186370E0036843F /* Products */,
				87A5B7EFFE163689F8880593 /* Pods */,
				487474B4EF0B93DF80EF5CE8 /* Frameworks */,
			);
			sourceTree = "<group>";
		};
		778602AC2186370E0036843F /* Products */ = {
			isa = PBXGroup;
			children = (
				778602AB2186370E0036843F /* MnemonicKit.app */,
				778602D421863BDD0036843F /* MnemonicKitTests.xctest */,
			);
			name = Products;
			sourceTree = "<group>";
		};
		778602AD2186370E0036843F /* Sources */ = {
			isa = PBXGroup;
			children = (
				778602C1218638BF0036843F /* MnemonicKit */,
				778602C0218637FB0036843F /* App */,
			);
			path = Sources;
			sourceTree = "<group>";
		};
		778602C0218637FB0036843F /* App */ = {
			isa = PBXGroup;
			children = (
				778602AE2186370E0036843F /* AppDelegate.swift */,
				778602B02186370E0036843F /* ViewController.swift */,
				778602B22186370E0036843F /* Main.storyboard */,
				778602B52186370F0036843F /* Assets.xcassets */,
				778602B72186370F0036843F /* LaunchScreen.storyboard */,
				778602BA2186370F0036843F /* Info.plist */,
			);
			path = App;
			sourceTree = "<group>";
		};
		778602C1218638BF0036843F /* MnemonicKit */ = {
			isa = PBXGroup;
			children = (
				778602CB21863B350036843F /* Language */,
				778602C3218638FB0036843F /* Mnemonic.swift */,
				778602C4218638FB0036843F /* Data+BitArray.swift */,
				778602C2218638FB0036843F /* String+MnemonicData.swift */,
			);
			path = MnemonicKit;
			sourceTree = "<group>";
		};
		778602CB21863B350036843F /* Language */ = {
			isa = PBXGroup;
			children = (
				778602CD21863B520036843F /* Chinese.swift */,
				778602CC21863B520036843F /* English.swift */,
			);
			path = Language;
			sourceTree = "<group>";
		};
		778602D521863BDD0036843F /* MnemonicKitTests */ = {
			isa = PBXGroup;
			children = (
				778602DE2186426A0036843F /* vectors.json */,
				778602D621863BDD0036843F /* MnemonicKitTests.swift */,
				778602D821863BDD0036843F /* Info.plist */,
			);
			path = MnemonicKitTests;
			sourceTree = "<group>";
		};
		87A5B7EFFE163689F8880593 /* Pods */ = {
			isa = PBXGroup;
			children = (
				03282044CA56B90979A64A9D /* Pods-MnemonicKit.debug.xcconfig */,
				AB52E52A2A043D3F37FDC410 /* Pods-MnemonicKit.release.xcconfig */,
				B22F0D96C2014429DA6247E3 /* Pods-MnemonicKitTests.debug.xcconfig */,
				DCDDA4A5652CB1771A37B4B5 /* Pods-MnemonicKitTests.release.xcconfig */,
			);
			name = Pods;
			sourceTree = "<group>";
		};
/* End PBXGroup section */

/* Begin PBXNativeTarget section */
		778602AA2186370E0036843F /* MnemonicKit */ = {
			isa = PBXNativeTarget;
			buildConfigurationList = 778602BD2186370F0036843F /* Build configuration list for PBXNativeTarget "MnemonicKit" */;
			buildPhases = (
				C79E5827B2A830B6E069BB27 /* [CP] Check Pods Manifest.lock */,
				778602A72186370E0036843F /* Sources */,
				778602A82186370E0036843F /* Frameworks */,
				778602A92186370E0036843F /* Resources */,
				77958B4B50265A3DF740689D /* [CP] Embed Pods Frameworks */,
			);
			buildRules = (
			);
			dependencies = (
			);
			name = MnemonicKit;
			productName = MnemonicKit;
			productReference = 778602AB2186370E0036843F /* MnemonicKit.app */;
			productType = "com.apple.product-type.application";
		};
		778602D321863BDD0036843F /* MnemonicKitTests */ = {
			isa = PBXNativeTarget;
			buildConfigurationList = 778602DB21863BDE0036843F /* Build configuration list for PBXNativeTarget "MnemonicKitTests" */;
			buildPhases = (
				F63A8A16C3BE522CCA0EBE51 /* [CP] Check Pods Manifest.lock */,
				778602D021863BDD0036843F /* Sources */,
				778602D121863BDD0036843F /* Frameworks */,
				778602D221863BDD0036843F /* Resources */,
			);
			buildRules = (
			);
			dependencies = (
				778602DA21863BDD0036843F /* PBXTargetDependency */,
			);
			name = MnemonicKitTests;
			productName = MnemonicKitTests;
			productReference = 778602D421863BDD0036843F /* MnemonicKitTests.xctest */;
			productType = "com.apple.product-type.bundle.unit-test";
		};
/* End PBXNativeTarget section */

/* Begin PBXProject section */
		778602A32186370E0036843F /* Project object */ = {
			isa = PBXProject;
			attributes = {
				KnownAssetTags = (
					TestInput,
				);
				LastSwiftUpdateCheck = 1000;
				LastUpgradeCheck = 1000;
				ORGANIZATIONNAME = "Keefer Taylor";
				TargetAttributes = {
					778602AA2186370E0036843F = {
						CreatedOnToolsVersion = 10.0;
					};
					778602D321863BDD0036843F = {
						CreatedOnToolsVersion = 10.0;
						TestTargetID = 778602AA2186370E0036843F;
					};
				};
			};
			buildConfigurationList = 778602A62186370E0036843F /* Build configuration list for PBXProject "MnemonicKit" */;
			compatibilityVersion = "Xcode 9.3";
			developmentRegion = en;
			hasScannedForEncodings = 0;
			knownRegions = (
				en,
				Base,
			);
			mainGroup = 778602A22186370E0036843F;
			productRefGroup = 778602AC2186370E0036843F /* Products */;
			projectDirPath = "";
			projectRoot = "";
			targets = (
				778602AA2186370E0036843F /* MnemonicKit */,
				778602D321863BDD0036843F /* MnemonicKitTests */,
			);
		};
/* End PBXProject section */

/* Begin PBXResourcesBuildPhase section */
		778602A92186370E0036843F /* Resources */ = {
			isa = PBXResourcesBuildPhase;
			buildActionMask = 2147483647;
			files = (
				778602B92186370F0036843F /* LaunchScreen.storyboard in Resources */,
				778602B62186370F0036843F /* Assets.xcassets in Resources */,
				778602B42186370E0036843F /* Main.storyboard in Resources */,
			);
			runOnlyForDeploymentPostprocessing = 0;
		};
		778602D221863BDD0036843F /* Resources */ = {
			isa = PBXResourcesBuildPhase;
			buildActionMask = 2147483647;
			files = (
				778602DF2186426A0036843F /* vectors.json in Resources */,
			);
			runOnlyForDeploymentPostprocessing = 0;
		};
/* End PBXResourcesBuildPhase section */

/* Begin PBXShellScriptBuildPhase section */
		77958B4B50265A3DF740689D /* [CP] Embed Pods Frameworks */ = {
			isa = PBXShellScriptBuildPhase;
			buildActionMask = 2147483647;
			files = (
			);
			inputFileListPaths = (
			);
			inputPaths = (
				"${PODS_ROOT}/Target Support Files/Pods-MnemonicKit/Pods-MnemonicKit-frameworks.sh",
				"${BUILT_PRODUCTS_DIR}/CryptoSwift/CryptoSwift.framework",
			);
			name = "[CP] Embed Pods Frameworks";
			outputFileListPaths = (
			);
			outputPaths = (
				"${TARGET_BUILD_DIR}/${FRAMEWORKS_FOLDER_PATH}/CryptoSwift.framework",
			);
			runOnlyForDeploymentPostprocessing = 0;
			shellPath = /bin/sh;
			shellScript = "\"${PODS_ROOT}/Target Support Files/Pods-MnemonicKit/Pods-MnemonicKit-frameworks.sh\"\n";
			showEnvVarsInLog = 0;
		};
		C79E5827B2A830B6E069BB27 /* [CP] Check Pods Manifest.lock */ = {
			isa = PBXShellScriptBuildPhase;
			buildActionMask = 2147483647;
			files = (
			);
			inputPaths = (
				"${PODS_PODFILE_DIR_PATH}/Podfile.lock",
				"${PODS_ROOT}/Manifest.lock",
			);
			name = "[CP] Check Pods Manifest.lock";
			outputPaths = (
				"$(DERIVED_FILE_DIR)/Pods-MnemonicKit-checkManifestLockResult.txt",
			);
			runOnlyForDeploymentPostprocessing = 0;
			shellPath = /bin/sh;
			shellScript = "diff \"${PODS_PODFILE_DIR_PATH}/Podfile.lock\" \"${PODS_ROOT}/Manifest.lock\" > /dev/null\nif [ $? != 0 ] ; then\n    # print error to STDERR\n    echo \"error: The sandbox is not in sync with the Podfile.lock. Run 'pod install' or update your CocoaPods installation.\" >&2\n    exit 1\nfi\n# This output is used by Xcode 'outputs' to avoid re-running this script phase.\necho \"SUCCESS\" > \"${SCRIPT_OUTPUT_FILE_0}\"\n";
			showEnvVarsInLog = 0;
		};
		F63A8A16C3BE522CCA0EBE51 /* [CP] Check Pods Manifest.lock */ = {
			isa = PBXShellScriptBuildPhase;
			buildActionMask = 2147483647;
			files = (
			);
			inputPaths = (
				"${PODS_PODFILE_DIR_PATH}/Podfile.lock",
				"${PODS_ROOT}/Manifest.lock",
			);
			name = "[CP] Check Pods Manifest.lock";
			outputPaths = (
				"$(DERIVED_FILE_DIR)/Pods-MnemonicKitTests-checkManifestLockResult.txt",
			);
			runOnlyForDeploymentPostprocessing = 0;
			shellPath = /bin/sh;
			shellScript = "diff \"${PODS_PODFILE_DIR_PATH}/Podfile.lock\" \"${PODS_ROOT}/Manifest.lock\" > /dev/null\nif [ $? != 0 ] ; then\n    # print error to STDERR\n    echo \"error: The sandbox is not in sync with the Podfile.lock. Run 'pod install' or update your CocoaPods installation.\" >&2\n    exit 1\nfi\n# This output is used by Xcode 'outputs' to avoid re-running this script phase.\necho \"SUCCESS\" > \"${SCRIPT_OUTPUT_FILE_0}\"\n";
			showEnvVarsInLog = 0;
		};
/* End PBXShellScriptBuildPhase section */

/* Begin PBXSourcesBuildPhase section */
		778602A72186370E0036843F /* Sources */ = {
			isa = PBXSourcesBuildPhase;
			buildActionMask = 2147483647;
			files = (
				778602C8218638FB0036843F /* Data+BitArray.swift in Sources */,
				778602CF21863B520036843F /* Chinese.swift in Sources */,
				778602B12186370E0036843F /* ViewController.swift in Sources */,
				778602AF2186370E0036843F /* AppDelegate.swift in Sources */,
				778602C6218638FB0036843F /* String+MnemonicData.swift in Sources */,
				778602CE21863B520036843F /* English.swift in Sources */,
				778602C7218638FB0036843F /* Mnemonic.swift in Sources */,
			);
			runOnlyForDeploymentPostprocessing = 0;
		};
		778602D021863BDD0036843F /* Sources */ = {
			isa = PBXSourcesBuildPhase;
			buildActionMask = 2147483647;
			files = (
				778602D721863BDD0036843F /* MnemonicKitTests.swift in Sources */,
			);
			runOnlyForDeploymentPostprocessing = 0;
		};
/* End PBXSourcesBuildPhase section */

/* Begin PBXTargetDependency section */
		778602DA21863BDD0036843F /* PBXTargetDependency */ = {
			isa = PBXTargetDependency;
			target = 778602AA2186370E0036843F /* MnemonicKit */;
			targetProxy = 778602D921863BDD0036843F /* PBXContainerItemProxy */;
		};
/* End PBXTargetDependency section */

/* Begin PBXVariantGroup section */
		778602B22186370E0036843F /* Main.storyboard */ = {
			isa = PBXVariantGroup;
			children = (
				778602B32186370E0036843F /* Base */,
			);
			name = Main.storyboard;
			sourceTree = "<group>";
		};
		778602B72186370F0036843F /* LaunchScreen.storyboard */ = {
			isa = PBXVariantGroup;
			children = (
				778602B82186370F0036843F /* Base */,
			);
			name = LaunchScreen.storyboard;
			sourceTree = "<group>";
		};
/* End PBXVariantGroup section */

/* Begin XCBuildConfiguration section */
		778602BB2186370F0036843F /* Debug */ = {
			isa = XCBuildConfiguration;
			buildSettings = {
				ALWAYS_SEARCH_USER_PATHS = NO;
				CLANG_ANALYZER_NONNULL = YES;
				CLANG_ANALYZER_NUMBER_OBJECT_CONVERSION = YES_AGGRESSIVE;
				CLANG_CXX_LANGUAGE_STANDARD = "gnu++14";
				CLANG_CXX_LIBRARY = "libc++";
				CLANG_ENABLE_MODULES = YES;
				CLANG_ENABLE_OBJC_ARC = YES;
				CLANG_ENABLE_OBJC_WEAK = YES;
				CLANG_WARN_BLOCK_CAPTURE_AUTORELEASING = YES;
				CLANG_WARN_BOOL_CONVERSION = YES;
				CLANG_WARN_COMMA = YES;
				CLANG_WARN_CONSTANT_CONVERSION = YES;
				CLANG_WARN_DEPRECATED_OBJC_IMPLEMENTATIONS = YES;
				CLANG_WARN_DIRECT_OBJC_ISA_USAGE = YES_ERROR;
				CLANG_WARN_DOCUMENTATION_COMMENTS = YES;
				CLANG_WARN_EMPTY_BODY = YES;
				CLANG_WARN_ENUM_CONVERSION = YES;
				CLANG_WARN_INFINITE_RECURSION = YES;
				CLANG_WARN_INT_CONVERSION = YES;
				CLANG_WARN_NON_LITERAL_NULL_CONVERSION = YES;
				CLANG_WARN_OBJC_IMPLICIT_RETAIN_SELF = YES;
				CLANG_WARN_OBJC_LITERAL_CONVERSION = YES;
				CLANG_WARN_OBJC_ROOT_CLASS = YES_ERROR;
				CLANG_WARN_RANGE_LOOP_ANALYSIS = YES;
				CLANG_WARN_STRICT_PROTOTYPES = YES;
				CLANG_WARN_SUSPICIOUS_MOVE = YES;
				CLANG_WARN_UNGUARDED_AVAILABILITY = YES_AGGRESSIVE;
				CLANG_WARN_UNREACHABLE_CODE = YES;
				CLANG_WARN__DUPLICATE_METHOD_MATCH = YES;
				CODE_SIGN_IDENTITY = "iPhone Developer";
				COPY_PHASE_STRIP = NO;
				DEBUG_INFORMATION_FORMAT = dwarf;
				ENABLE_STRICT_OBJC_MSGSEND = YES;
				ENABLE_TESTABILITY = YES;
				GCC_C_LANGUAGE_STANDARD = gnu11;
				GCC_DYNAMIC_NO_PIC = NO;
				GCC_NO_COMMON_BLOCKS = YES;
				GCC_OPTIMIZATION_LEVEL = 0;
				GCC_PREPROCESSOR_DEFINITIONS = (
					"DEBUG=1",
					"$(inherited)",
				);
				GCC_WARN_64_TO_32_BIT_CONVERSION = YES;
				GCC_WARN_ABOUT_RETURN_TYPE = YES_ERROR;
				GCC_WARN_UNDECLARED_SELECTOR = YES;
				GCC_WARN_UNINITIALIZED_AUTOS = YES_AGGRESSIVE;
				GCC_WARN_UNUSED_FUNCTION = YES;
				GCC_WARN_UNUSED_VARIABLE = YES;
				IPHONEOS_DEPLOYMENT_TARGET = 12.0;
				MTL_ENABLE_DEBUG_INFO = INCLUDE_SOURCE;
				MTL_FAST_MATH = YES;
				ONLY_ACTIVE_ARCH = YES;
				SDKROOT = iphoneos;
				SWIFT_ACTIVE_COMPILATION_CONDITIONS = DEBUG;
				SWIFT_OPTIMIZATION_LEVEL = "-Onone";
			};
			name = Debug;
		};
		778602BC2186370F0036843F /* Release */ = {
			isa = XCBuildConfiguration;
			buildSettings = {
				ALWAYS_SEARCH_USER_PATHS = NO;
				CLANG_ANALYZER_NONNULL = YES;
				CLANG_ANALYZER_NUMBER_OBJECT_CONVERSION = YES_AGGRESSIVE;
				CLANG_CXX_LANGUAGE_STANDARD = "gnu++14";
				CLANG_CXX_LIBRARY = "libc++";
				CLANG_ENABLE_MODULES = YES;
				CLANG_ENABLE_OBJC_ARC = YES;
				CLANG_ENABLE_OBJC_WEAK = YES;
				CLANG_WARN_BLOCK_CAPTURE_AUTORELEASING = YES;
				CLANG_WARN_BOOL_CONVERSION = YES;
				CLANG_WARN_COMMA = YES;
				CLANG_WARN_CONSTANT_CONVERSION = YES;
				CLANG_WARN_DEPRECATED_OBJC_IMPLEMENTATIONS = YES;
				CLANG_WARN_DIRECT_OBJC_ISA_USAGE = YES_ERROR;
				CLANG_WARN_DOCUMENTATION_COMMENTS = YES;
				CLANG_WARN_EMPTY_BODY = YES;
				CLANG_WARN_ENUM_CONVERSION = YES;
				CLANG_WARN_INFINITE_RECURSION = YES;
				CLANG_WARN_INT_CONVERSION = YES;
				CLANG_WARN_NON_LITERAL_NULL_CONVERSION = YES;
				CLANG_WARN_OBJC_IMPLICIT_RETAIN_SELF = YES;
				CLANG_WARN_OBJC_LITERAL_CONVERSION = YES;
				CLANG_WARN_OBJC_ROOT_CLASS = YES_ERROR;
				CLANG_WARN_RANGE_LOOP_ANALYSIS = YES;
				CLANG_WARN_STRICT_PROTOTYPES = YES;
				CLANG_WARN_SUSPICIOUS_MOVE = YES;
				CLANG_WARN_UNGUARDED_AVAILABILITY = YES_AGGRESSIVE;
				CLANG_WARN_UNREACHABLE_CODE = YES;
				CLANG_WARN__DUPLICATE_METHOD_MATCH = YES;
				CODE_SIGN_IDENTITY = "iPhone Developer";
				COPY_PHASE_STRIP = NO;
				DEBUG_INFORMATION_FORMAT = "dwarf-with-dsym";
				ENABLE_NS_ASSERTIONS = NO;
				ENABLE_STRICT_OBJC_MSGSEND = YES;
				GCC_C_LANGUAGE_STANDARD = gnu11;
				GCC_NO_COMMON_BLOCKS = YES;
				GCC_WARN_64_TO_32_BIT_CONVERSION = YES;
				GCC_WARN_ABOUT_RETURN_TYPE = YES_ERROR;
				GCC_WARN_UNDECLARED_SELECTOR = YES;
				GCC_WARN_UNINITIALIZED_AUTOS = YES_AGGRESSIVE;
				GCC_WARN_UNUSED_FUNCTION = YES;
				GCC_WARN_UNUSED_VARIABLE = YES;
				IPHONEOS_DEPLOYMENT_TARGET = 12.0;
				MTL_ENABLE_DEBUG_INFO = NO;
				MTL_FAST_MATH = YES;
				SDKROOT = iphoneos;
				SWIFT_COMPILATION_MODE = wholemodule;
				SWIFT_OPTIMIZATION_LEVEL = "-O";
				VALIDATE_PRODUCT = YES;
			};
			name = Release;
		};
		778602BE2186370F0036843F /* Debug */ = {
			isa = XCBuildConfiguration;
			baseConfigurationReference = 03282044CA56B90979A64A9D /* Pods-MnemonicKit.debug.xcconfig */;
			buildSettings = {
				ASSETCATALOG_COMPILER_APPICON_NAME = AppIcon;
				CODE_SIGN_STYLE = Automatic;
				DEVELOPMENT_TEAM = 6F6VXZUKN5;
				INFOPLIST_FILE = "$(SRCROOT)/Sources/App/Info.plist";
				LD_RUNPATH_SEARCH_PATHS = (
					"$(inherited)",
					"@executable_path/Frameworks",
				);
				PRODUCT_BUNDLE_IDENTIFIER = com.keefertaylor.MnemonicKit;
				PRODUCT_NAME = "$(TARGET_NAME)";
				SWIFT_VERSION = 4.2;
				TARGETED_DEVICE_FAMILY = "1,2";
			};
			name = Debug;
		};
		778602BF2186370F0036843F /* Release */ = {
			isa = XCBuildConfiguration;
			baseConfigurationReference = AB52E52A2A043D3F37FDC410 /* Pods-MnemonicKit.release.xcconfig */;
			buildSettings = {
				ASSETCATALOG_COMPILER_APPICON_NAME = AppIcon;
				CODE_SIGN_STYLE = Automatic;
				DEVELOPMENT_TEAM = 6F6VXZUKN5;
				INFOPLIST_FILE = "$(SRCROOT)/Sources/App/Info.plist";
				LD_RUNPATH_SEARCH_PATHS = (
					"$(inherited)",
					"@executable_path/Frameworks",
				);
				PRODUCT_BUNDLE_IDENTIFIER = com.keefertaylor.MnemonicKit;
				PRODUCT_NAME = "$(TARGET_NAME)";
				SWIFT_VERSION = 4.2;
				TARGETED_DEVICE_FAMILY = "1,2";
			};
			name = Release;
		};
		778602DC21863BDE0036843F /* Debug */ = {
			isa = XCBuildConfiguration;
			baseConfigurationReference = B22F0D96C2014429DA6247E3 /* Pods-MnemonicKitTests.debug.xcconfig */;
			buildSettings = {
				BUNDLE_LOADER = "$(TEST_HOST)";
				CODE_SIGN_STYLE = Automatic;
				DEVELOPMENT_TEAM = 6F6VXZUKN5;
				INFOPLIST_FILE = MnemonicKitTests/Info.plist;
				LD_RUNPATH_SEARCH_PATHS = (
					"$(inherited)",
					"@executable_path/Frameworks",
					"@loader_path/Frameworks",
				);
				PRODUCT_BUNDLE_IDENTIFIER = com.keefertaylor.MnemonicKitTests;
				PRODUCT_NAME = "$(TARGET_NAME)";
				SWIFT_VERSION = 4.2;
				TARGETED_DEVICE_FAMILY = "1,2";
				TEST_HOST = "$(BUILT_PRODUCTS_DIR)/MnemonicKit.app/MnemonicKit";
			};
			name = Debug;
		};
		778602DD21863BDE0036843F /* Release */ = {
			isa = XCBuildConfiguration;
			baseConfigurationReference = DCDDA4A5652CB1771A37B4B5 /* Pods-MnemonicKitTests.release.xcconfig */;
			buildSettings = {
				BUNDLE_LOADER = "$(TEST_HOST)";
				CODE_SIGN_STYLE = Automatic;
				DEVELOPMENT_TEAM = 6F6VXZUKN5;
				INFOPLIST_FILE = MnemonicKitTests/Info.plist;
				LD_RUNPATH_SEARCH_PATHS = (
					"$(inherited)",
					"@executable_path/Frameworks",
					"@loader_path/Frameworks",
				);
				PRODUCT_BUNDLE_IDENTIFIER = com.keefertaylor.MnemonicKitTests;
				PRODUCT_NAME = "$(TARGET_NAME)";
				SWIFT_VERSION = 4.2;
				TARGETED_DEVICE_FAMILY = "1,2";
				TEST_HOST = "$(BUILT_PRODUCTS_DIR)/MnemonicKit.app/MnemonicKit";
			};
			name = Release;
		};
/* End XCBuildConfiguration section */

/* Begin XCConfigurationList section */
		778602A62186370E0036843F /* Build configuration list for PBXProject "MnemonicKit" */ = {
			isa = XCConfigurationList;
			buildConfigurations = (
				778602BB2186370F0036843F /* Debug */,
				778602BC2186370F0036843F /* Release */,
			);
			defaultConfigurationIsVisible = 0;
			defaultConfigurationName = Release;
		};
		778602BD2186370F0036843F /* Build configuration list for PBXNativeTarget "MnemonicKit" */ = {
			isa = XCConfigurationList;
			buildConfigurations = (
				778602BE2186370F0036843F /* Debug */,
				778602BF2186370F0036843F /* Release */,
			);
			defaultConfigurationIsVisible = 0;
			defaultConfigurationName = Release;
		};
		778602DB21863BDE0036843F /* Build configuration list for PBXNativeTarget "MnemonicKitTests" */ = {
			isa = XCConfigurationList;
			buildConfigurations = (
				778602DC21863BDE0036843F /* Debug */,
				778602DD21863BDE0036843F /* Release */,
			);
			defaultConfigurationIsVisible = 0;
			defaultConfigurationName = Release;
		};
/* End XCConfigurationList section */
	};
	rootObject = 778602A32186370E0036843F /* Project object */;
}
